
Microsoft Visual Studio Solution File, Format Version 12.00
# Visual Studio Version 17
VisualStudioVersion = 17.4.33213.308
MinimumVisualStudioVersion = 10.0.40219.1
Project("{FAE04EC0-301F-11D3-BF4B-00C04F79EFBC}") = "Dia 27", "Dia 27\Dia 27.csproj", "{AAC94B3A-8F9A-498B-AAB0-F73CCE2139D6}"
EndProject
Global
	GlobalSection(SolutionConfigurationPlatforms) = preSolution
		Debug|Any CPU = Debug|Any CPU
		Release|Any CPU = Release|Any CPU
	EndGlobalSection
	GlobalSection(ProjectConfigurationPlatforms) = postSolution
		{AAC94B3A-8F9A-498B-AAB0-F73CCE2139D6}.Debug|Any CPU.ActiveCfg = Debug|Any CPU
		{AAC94B3A-8F9A-498B-AAB0-F73CCE2139D6}.Debug|Any CPU.Build.0 = Debug|Any CPU
		{AAC94B3A-8F9A-498B-AAB0-F73CCE2139D6}.Release|Any CPU.ActiveCfg = Release|Any CPU
		{AAC94B3A-8F9A-498B-AAB0-F73CCE2139D6}.Release|Any CPU.Build.0 = Release|Any CPU
	EndGlobalSection
	GlobalSection(SolutionProperties) = preSolution
		HideSolutionNode = FALSE
	EndGlobalSection
	GlobalSection(ExtensibilityGlobals) = postSolution
		SolutionGuid = {FC8DB990-1BB4-43A1-8431-ACC72F84EE6E}
	EndGlobalSection
EndGlobal
