
Microsoft Visual Studio Solution File, Format Version 12.00
# Visual Studio Version 17
VisualStudioVersion = 17.4.33213.308
MinimumVisualStudioVersion = 10.0.40219.1
Project("{FAE04EC0-301F-11D3-BF4B-00C04F79EFBC}") = "LumoAkatemiaPerus", "LumoAkatemiaPerus\LumoAkatemiaPerus.csproj", "{4AFAAE35-C445-466C-AEDA-64765BDBA09F}"
EndProject
Global
	GlobalSection(SolutionConfigurationPlatforms) = preSolution
		Debug|Any CPU = Debug|Any CPU
		Release|Any CPU = Release|Any CPU
	EndGlobalSection
	GlobalSection(ProjectConfigurationPlatforms) = postSolution
		{4AFAAE35-C445-466C-AEDA-64765BDBA09F}.Debug|Any CPU.ActiveCfg = Debug|Any CPU
		{4AFAAE35-C445-466C-AEDA-64765BDBA09F}.Debug|Any CPU.Build.0 = Debug|Any CPU
		{4AFAAE35-C445-466C-AEDA-64765BDBA09F}.Release|Any CPU.ActiveCfg = Release|Any CPU
		{4AFAAE35-C445-466C-AEDA-64765BDBA09F}.Release|Any CPU.Build.0 = Release|Any CPU
	EndGlobalSection
	GlobalSection(SolutionProperties) = preSolution
		HideSolutionNode = FALSE
	EndGlobalSection
	GlobalSection(ExtensibilityGlobals) = postSolution
		SolutionGuid = {ED54EBC8-938D-4616-9919-22E28C6BD12F}
	EndGlobalSection
EndGlobal
